
Microsoft Visual Studio Solution File, Format Version 12.00
# Visual Studio Version 16
VisualStudioVersion = 16.0.31129.286
MinimumVisualStudioVersion = 10.0.40219.1
Project("{FAE04EC0-301F-11D3-BF4B-00C04F79EFBC}") = "OnlineShoppingInSupermarkets", "OnlineShoppingInSupermarkets\OnlineShoppingInSupermarkets.csproj", "{1AF2D9F5-34DF-477F-9981-3AC8A81C25D8}"
EndProject
Global
	GlobalSection(SolutionConfigurationPlatforms) = preSolution
		Debug|Any CPU = Debug|Any CPU
		Release|Any CPU = Release|Any CPU
	EndGlobalSection
	GlobalSection(ProjectConfigurationPlatforms) = postSolution
		{1AF2D9F5-34DF-477F-9981-3AC8A81C25D8}.Debug|Any CPU.ActiveCfg = Debug|Any CPU
		{1AF2D9F5-34DF-477F-9981-3AC8A81C25D8}.Debug|Any CPU.Build.0 = Debug|Any CPU
		{1AF2D9F5-34DF-477F-9981-3AC8A81C25D8}.Release|Any CPU.ActiveCfg = Release|Any CPU
		{1AF2D9F5-34DF-477F-9981-3AC8A81C25D8}.Release|Any CPU.Build.0 = Release|Any CPU
	EndGlobalSection
	GlobalSection(SolutionProperties) = preSolution
		HideSolutionNode = FALSE
	EndGlobalSection
	GlobalSection(ExtensibilityGlobals) = postSolution
		SolutionGuid = {C0AC3199-BA66-4731-8B04-1D1F6C3852A6}
	EndGlobalSection
EndGlobal
